
Microsoft Visual Studio Solution File, Format Version 12.00
# Visual Studio Version 17
VisualStudioVersion = 17.9.34728.123
MinimumVisualStudioVersion = 10.0.40219.1
Project("{FAE04EC0-301F-11D3-BF4B-00C04F79EFBC}") = "ConstructionApp", "ConstructionApp.csproj", "{BEC41CF6-17B8-4B5E-80AC-F4155584712B}"
EndProject
Global
	GlobalSection(SolutionConfigurationPlatforms) = preSolution
		Debug|Any CPU = Debug|Any CPU
		Release|Any CPU = Release|Any CPU
	EndGlobalSection
	GlobalSection(ProjectConfigurationPlatforms) = postSolution
		{BEC41CF6-17B8-4B5E-80AC-F4155584712B}.Debug|Any CPU.ActiveCfg = Debug|Any CPU
		{BEC41CF6-17B8-4B5E-80AC-F4155584712B}.Debug|Any CPU.Build.0 = Debug|Any CPU
		{BEC41CF6-17B8-4B5E-80AC-F4155584712B}.Release|Any CPU.ActiveCfg = Release|Any CPU
		{BEC41CF6-17B8-4B5E-80AC-F4155584712B}.Release|Any CPU.Build.0 = Release|Any CPU
	EndGlobalSection
	GlobalSection(SolutionProperties) = preSolution
		HideSolutionNode = FALSE
	EndGlobalSection
	GlobalSection(ExtensibilityGlobals) = postSolution
		SolutionGuid = {0441CC1C-6FF3-43F5-AC0A-EF6583347CC3}
	EndGlobalSection
EndGlobal
